{
    "requires": true,
    "lockfileVersion": 1,
    "dependencies": {
        "codemirror": {
            "version": "5.65.7",
            "resolved": "https://registry.npmjs.org/codemirror/-/codemirror-5.65.7.tgz",
            "integrity": "sha512-zb67cXzgugIQmb6tfD4G11ILjYoMfTjwcjn+cWsa4GewlI2adhR/h3kolkoCQTm1msD/1BuqVTKuO09ELsS++A=="
        }
    }
}
